# This file is automatically @generated by Cargo.
# It is not intended for manual editing.
version = 3

[[package]]
name = "argparse"
version = "0.2.1"
source = "registry+https://github.com/rust-lang/crates.io-index"
checksum = "37bb99f5e39ee8b23b6e227f5b8f024207e8616f44aa4b8c76ecd828011667ef"

[[package]]
name = "byteorder"
version = "1.5.0"
source = "registry+https://github.com/rust-lang/crates.io-index"
checksum = "1fd0f2584146f6f2ef48085050886acf353beff7305ebd1ae69500e27c67f64b"

[[package]]
name = "fingertips"
version = "0.1.0"
dependencies = [
 "argparse",
 "byteorder",
]
